
Microsoft Visual Studio Solution File, Format Version 12.00
# Visual Studio Version 16
VisualStudioVersion = 16.0.29709.97
MinimumVisualStudioVersion = 10.0.40219.1
Project("{FAE04EC0-301F-11D3-BF4B-00C04F79EFBC}") = "Options", "Options\Options.csproj", "{57AA5690-AD2C-4C22-A11C-2CE01F40158A}"
EndProject
Global
	GlobalSection(SolutionConfigurationPlatforms) = preSolution
		Debug|Any CPU = Debug|Any CPU
		Release|Any CPU = Release|Any CPU
	EndGlobalSection
	GlobalSection(ProjectConfigurationPlatforms) = postSolution
		{57AA5690-AD2C-4C22-A11C-2CE01F40158A}.Debug|Any CPU.ActiveCfg = Debug|Any CPU
		{57AA5690-AD2C-4C22-A11C-2CE01F40158A}.Debug|Any CPU.Build.0 = Debug|Any CPU
		{57AA5690-AD2C-4C22-A11C-2CE01F40158A}.Release|Any CPU.ActiveCfg = Release|Any CPU
		{57AA5690-AD2C-4C22-A11C-2CE01F40158A}.Release|Any CPU.Build.0 = Release|Any CPU
	EndGlobalSection
	GlobalSection(SolutionProperties) = preSolution
		HideSolutionNode = FALSE
	EndGlobalSection
	GlobalSection(ExtensibilityGlobals) = postSolution
		SolutionGuid = {7B963B2E-DDDC-4FDD-9F45-5E8CF7D3BCF2}
	EndGlobalSection
EndGlobal
